
Microsoft Visual Studio Solution File, Format Version 12.00
# Visual Studio Version 17
VisualStudioVersion = 17.13.35931.197 d17.13
MinimumVisualStudioVersion = 10.0.40219.1
Project("{FAE04EC0-301F-11D3-BF4B-00C04F79EFBC}") = "Deletegate", "Deletegate\Deletegate.csproj", "{042380DA-D2C6-4DFD-A4FC-7166B4125B4E}"
EndProject
Global
	GlobalSection(SolutionConfigurationPlatforms) = preSolution
		Debug|Any CPU = Debug|Any CPU
		Release|Any CPU = Release|Any CPU
	EndGlobalSection
	GlobalSection(ProjectConfigurationPlatforms) = postSolution
		{042380DA-D2C6-4DFD-A4FC-7166B4125B4E}.Debug|Any CPU.ActiveCfg = Debug|Any CPU
		{042380DA-D2C6-4DFD-A4FC-7166B4125B4E}.Debug|Any CPU.Build.0 = Debug|Any CPU
		{042380DA-D2C6-4DFD-A4FC-7166B4125B4E}.Release|Any CPU.ActiveCfg = Release|Any CPU
		{042380DA-D2C6-4DFD-A4FC-7166B4125B4E}.Release|Any CPU.Build.0 = Release|Any CPU
	EndGlobalSection
	GlobalSection(SolutionProperties) = preSolution
		HideSolutionNode = FALSE
	EndGlobalSection
	GlobalSection(ExtensibilityGlobals) = postSolution
		SolutionGuid = {6580AAE5-E82F-4457-8D1D-2E516546B8A6}
	EndGlobalSection
EndGlobal
